Microsoft Visual Studio Solution File, Format Version 12.00
# Visual Studio Version 17
VisualStudioVersion = 17.5.2.0
MinimumVisualStudioVersion = 10.0.40219.1
Project("{FAE04EC0-301F-11D3-BF4B-00C04F79EFBC}") = "HospitalManagementAPI", "HospitalManagementAPI\HospitalManagementAPI.csproj", "{088377AE-3C30-9184-5600-A261910A12D1}"
EndProject
Global
	GlobalSection(SolutionConfigurationPlatforms) = preSolution
		Debug|Any CPU = Debug|Any CPU
		Release|Any CPU = Release|Any CPU
	EndGlobalSection
	GlobalSection(ProjectConfigurationPlatforms) = postSolution
		{088377AE-3C30-9184-5600-A261910A12D1}.Debug|Any CPU.ActiveCfg = Debug|Any CPU
		{088377AE-3C30-9184-5600-A261910A12D1}.Debug|Any CPU.Build.0 = Debug|Any CPU
		{088377AE-3C30-9184-5600-A261910A12D1}.Release|Any CPU.ActiveCfg = Release|Any CPU
		{088377AE-3C30-9184-5600-A261910A12D1}.Release|Any CPU.Build.0 = Release|Any CPU
	EndGlobalSection
	GlobalSection(SolutionProperties) = preSolution
		HideSolutionNode = FALSE
	EndGlobalSection
	GlobalSection(ExtensibilityGlobals) = postSolution
		SolutionGuid = {E9AAD057-12BA-4716-B002-AC63E308793B}
	EndGlobalSection
EndGlobal
